
Microsoft Visual Studio Solution File, Format Version 12.00
# Visual Studio Version 16
VisualStudioVersion = 16.0.30907.101
MinimumVisualStudioVersion = 10.0.40219.1
Project("{9A19103F-16F7-4668-BE54-9A1E7A4F7556}") = "Chipster8", "Chipster8\Chipster8.csproj", "{E26C9EB1-719A-444E-8C56-F97CF415680B}"
EndProject
Project("{9A19103F-16F7-4668-BE54-9A1E7A4F7556}") = "Chip8", "Chip8\Chip8.csproj", "{CF428484-3365-4A08-B7B0-0451FB414BA9}"
EndProject
Global
	GlobalSection(SolutionConfigurationPlatforms) = preSolution
		Debug|Any CPU = Debug|Any CPU
		Release|Any CPU = Release|Any CPU
	EndGlobalSection
	GlobalSection(ProjectConfigurationPlatforms) = postSolution
		{E26C9EB1-719A-444E-8C56-F97CF415680B}.Debug|Any CPU.ActiveCfg = Debug|Any CPU
		{E26C9EB1-719A-444E-8C56-F97CF415680B}.Debug|Any CPU.Build.0 = Debug|Any CPU
		{E26C9EB1-719A-444E-8C56-F97CF415680B}.Release|Any CPU.ActiveCfg = Release|Any CPU
		{E26C9EB1-719A-444E-8C56-F97CF415680B}.Release|Any CPU.Build.0 = Release|Any CPU
		{CF428484-3365-4A08-B7B0-0451FB414BA9}.Debug|Any CPU.ActiveCfg = Debug|Any CPU
		{CF428484-3365-4A08-B7B0-0451FB414BA9}.Debug|Any CPU.Build.0 = Debug|Any CPU
		{CF428484-3365-4A08-B7B0-0451FB414BA9}.Release|Any CPU.ActiveCfg = Release|Any CPU
		{CF428484-3365-4A08-B7B0-0451FB414BA9}.Release|Any CPU.Build.0 = Release|Any CPU
	EndGlobalSection
	GlobalSection(SolutionProperties) = preSolution
		HideSolutionNode = FALSE
	EndGlobalSection
	GlobalSection(ExtensibilityGlobals) = postSolution
		SolutionGuid = {88138FD1-1AD0-47A8-A02E-A47D9C374100}
	EndGlobalSection
EndGlobal
