
Microsoft Visual Studio Solution File, Format Version 12.00
# Visual Studio Version 16
VisualStudioVersion = 16.0.30907.101
MinimumVisualStudioVersion = 10.0.40219.1
Project("{9A19103F-16F7-4668-BE54-9A1E7A4F7556}") = "Chip8", "Chip8\Chip8.csproj", "{CF428484-3365-4A08-B7B0-0451FB414BA9}"
EndProject
Project("{FAE04EC0-301F-11D3-BF4B-00C04F79EFBC}") = "Chipster8", "Chipster8\Chipster8.csproj", "{2C9CE747-2AA0-4EE6-A695-622A2DDD3C69}"
EndProject
Project("{FAE04EC0-301F-11D3-BF4B-00C04F79EFBC}") = "Chip8.Tests", "Chip8.Tests\Chip8.Tests.csproj", "{D719E67E-2DF1-4D42-8ADE-D7A8EEE11B89}"
EndProject
Global
	GlobalSection(SolutionConfigurationPlatforms) = preSolution
		Debug|Any CPU = Debug|Any CPU
		Release|Any CPU = Release|Any CPU
	EndGlobalSection
	GlobalSection(ProjectConfigurationPlatforms) = postSolution
		{CF428484-3365-4A08-B7B0-0451FB414BA9}.Debug|Any CPU.ActiveCfg = Debug|Any CPU
		{CF428484-3365-4A08-B7B0-0451FB414BA9}.Debug|Any CPU.Build.0 = Debug|Any CPU
		{CF428484-3365-4A08-B7B0-0451FB414BA9}.Release|Any CPU.ActiveCfg = Release|Any CPU
		{CF428484-3365-4A08-B7B0-0451FB414BA9}.Release|Any CPU.Build.0 = Release|Any CPU
		{2C9CE747-2AA0-4EE6-A695-622A2DDD3C69}.Debug|Any CPU.ActiveCfg = Debug|Any CPU
		{2C9CE747-2AA0-4EE6-A695-622A2DDD3C69}.Debug|Any CPU.Build.0 = Debug|Any CPU
		{2C9CE747-2AA0-4EE6-A695-622A2DDD3C69}.Release|Any CPU.ActiveCfg = Release|Any CPU
		{2C9CE747-2AA0-4EE6-A695-622A2DDD3C69}.Release|Any CPU.Build.0 = Release|Any CPU
		{D719E67E-2DF1-4D42-8ADE-D7A8EEE11B89}.Debug|Any CPU.ActiveCfg = Debug|Any CPU
		{D719E67E-2DF1-4D42-8ADE-D7A8EEE11B89}.Debug|Any CPU.Build.0 = Debug|Any CPU
		{D719E67E-2DF1-4D42-8ADE-D7A8EEE11B89}.Release|Any CPU.ActiveCfg = Release|Any CPU
		{D719E67E-2DF1-4D42-8ADE-D7A8EEE11B89}.Release|Any CPU.Build.0 = Release|Any CPU
	EndGlobalSection
	GlobalSection(SolutionProperties) = preSolution
		HideSolutionNode = FALSE
	EndGlobalSection
	GlobalSection(ExtensibilityGlobals) = postSolution
		SolutionGuid = {88138FD1-1AD0-47A8-A02E-A47D9C374100}
	EndGlobalSection
EndGlobal
