
Microsoft Visual Studio Solution File, Format Version 12.00
# Visual Studio Version 17
VisualStudioVersion = 17.5.002.0
MinimumVisualStudioVersion = 10.0.40219.1
Project("{9A19103F-16F7-4668-BE54-9A1E7A4F7556}") = "Chipster8", "Chipster8.csproj", "{5B29D302-9FBF-4F99-AD7A-B8DF9E9CD315}"
EndProject
Global
	GlobalSection(SolutionConfigurationPlatforms) = preSolution
		Debug|Any CPU = Debug|Any CPU
		Release|Any CPU = Release|Any CPU
	EndGlobalSection
	GlobalSection(ProjectConfigurationPlatforms) = postSolution
		{5B29D302-9FBF-4F99-AD7A-B8DF9E9CD315}.Debug|Any CPU.ActiveCfg = Debug|Any CPU
		{5B29D302-9FBF-4F99-AD7A-B8DF9E9CD315}.Debug|Any CPU.Build.0 = Debug|Any CPU
		{5B29D302-9FBF-4F99-AD7A-B8DF9E9CD315}.Release|Any CPU.ActiveCfg = Release|Any CPU
		{5B29D302-9FBF-4F99-AD7A-B8DF9E9CD315}.Release|Any CPU.Build.0 = Release|Any CPU
	EndGlobalSection
	GlobalSection(SolutionProperties) = preSolution
		HideSolutionNode = FALSE
	EndGlobalSection
	GlobalSection(ExtensibilityGlobals) = postSolution
		SolutionGuid = {4FBFEDCB-0B94-415B-BD0B-4B4288E900A5}
	EndGlobalSection
EndGlobal
